
Microsoft Visual Studio Solution File, Format Version 12.00
# Visual Studio Version 16
VisualStudioVersion = 16.0.29806.167
MinimumVisualStudioVersion = 10.0.40219.1
Project("{2150E333-8FDC-42A3-9474-1A3956D46DE8}") = "FluidSharp.Views", "FluidSharp.Views", "{D8CE4686-9330-4C38-83C2-BB10F2F01814}"
EndProject
Project("{9A19103F-16F7-4668-BE54-9A1E7A4F7556}") = "FluidSharp", "FluidSharp\FluidSharp.csproj", "{11AFB8B9-3A37-4005-B897-CE2D363A574D}"
EndProject
Project("{FAE04EC0-301F-11D3-BF4B-00C04F79EFBC}") = "FluidSharp.Views.iOS", "FluidSharp.Views\FluidSharp.Views.iOS\FluidSharp.Views.iOS.csproj", "{24D3EC6D-A502-48DD-813E-39ADCEFED92B}"
EndProject
Project("{FAE04EC0-301F-11D3-BF4B-00C04F79EFBC}") = "FluidSharp.Views.WindowsForms", "FluidSharp.Views\FluidSharp.Views.WindowsForms\FluidSharp.Views.WindowsForms.csproj", "{72B7F87E-5F47-4064-BEC3-AC411C08E308}"
EndProject
Project("{9A19103F-16F7-4668-BE54-9A1E7A4F7556}") = "FluidSharp.Views.Forms", "FluidSharp.Views\FluidSharp.Views.Forms\FluidSharp.Views.Forms.csproj", "{5F3F1A20-821B-41E7-A808-93B31A016F8B}"
EndProject
Project("{FAE04EC0-301F-11D3-BF4B-00C04F79EFBC}") = "FluidSharp.Views.Android", "FluidSharp.Views\FluidSharp.Views.Android\FluidSharp.Views.Android.csproj", "{07C0BD24-776E-493C-B7A9-AB85F36F21D6}"
EndProject
Project("{2150E333-8FDC-42A3-9474-1A3956D46DE8}") = "SkiaSharp.Textblocks", "SkiaSharp.Textblocks", "{F97335FF-EE9A-4227-82D2-82CB8FFAD356}"
EndProject
Project("{9A19103F-16F7-4668-BE54-9A1E7A4F7556}") = "SkiaSharp.TextBlocks", "..\..\SkiaSharp.TextBlocks\source\SkiaSharp.TextBlocks\SkiaSharp.TextBlocks.csproj", "{7514A407-146A-44AA-93C9-D823502A93E1}"
EndProject
Project("{9A19103F-16F7-4668-BE54-9A1E7A4F7556}") = "FluidSharp.Views.WindowsForms.Core", "FluidSharp.Views\FluidSharp.Views.WindowsForms.Core\FluidSharp.Views.WindowsForms.Core.csproj", "{5BD84BF0-C4C8-4CC4-BF1E-F7751BB510A4}"
EndProject
Global
	GlobalSection(SolutionConfigurationPlatforms) = preSolution
		Debug|Any CPU = Debug|Any CPU
		Debug|ARM = Debug|ARM
		Debug|ARM64 = Debug|ARM64
		Debug|x64 = Debug|x64
		Debug|x86 = Debug|x86
		Release|Any CPU = Release|Any CPU
		Release|ARM = Release|ARM
		Release|ARM64 = Release|ARM64
		Release|x64 = Release|x64
		Release|x86 = Release|x86
	EndGlobalSection
	GlobalSection(ProjectConfigurationPlatforms) = postSolution
		{11AFB8B9-3A37-4005-B897-CE2D363A574D}.Debug|Any CPU.ActiveCfg = Debug|Any CPU
		{11AFB8B9-3A37-4005-B897-CE2D363A574D}.Debug|Any CPU.Build.0 = Debug|Any CPU
		{11AFB8B9-3A37-4005-B897-CE2D363A574D}.Debug|ARM.ActiveCfg = Debug|Any CPU
		{11AFB8B9-3A37-4005-B897-CE2D363A574D}.Debug|ARM.Build.0 = Debug|Any CPU
		{11AFB8B9-3A37-4005-B897-CE2D363A574D}.Debug|ARM64.ActiveCfg = Debug|Any CPU
		{11AFB8B9-3A37-4005-B897-CE2D363A574D}.Debug|ARM64.Build.0 = Debug|Any CPU
		{11AFB8B9-3A37-4005-B897-CE2D363A574D}.Debug|x64.ActiveCfg = Debug|Any CPU
		{11AFB8B9-3A37-4005-B897-CE2D363A574D}.Debug|x64.Build.0 = Debug|Any CPU
		{11AFB8B9-3A37-4005-B897-CE2D363A574D}.Debug|x86.ActiveCfg = Debug|Any CPU
		{11AFB8B9-3A37-4005-B897-CE2D363A574D}.Debug|x86.Build.0 = Debug|Any CPU
		{11AFB8B9-3A37-4005-B897-CE2D363A574D}.Release|Any CPU.ActiveCfg = Release|Any CPU
		{11AFB8B9-3A37-4005-B897-CE2D363A574D}.Release|Any CPU.Build.0 = Release|Any CPU
		{11AFB8B9-3A37-4005-B897-CE2D363A574D}.Release|ARM.ActiveCfg = Release|Any CPU
		{11AFB8B9-3A37-4005-B897-CE2D363A574D}.Release|ARM.Build.0 = Release|Any CPU
		{11AFB8B9-3A37-4005-B897-CE2D363A574D}.Release|ARM64.ActiveCfg = Release|Any CPU
		{11AFB8B9-3A37-4005-B897-CE2D363A574D}.Release|ARM64.Build.0 = Release|Any CPU
		{11AFB8B9-3A37-4005-B897-CE2D363A574D}.Release|x64.ActiveCfg = Release|Any CPU
		{11AFB8B9-3A37-4005-B897-CE2D363A574D}.Release|x64.Build.0 = Release|Any CPU
		{11AFB8B9-3A37-4005-B897-CE2D363A574D}.Release|x86.ActiveCfg = Release|Any CPU
		{11AFB8B9-3A37-4005-B897-CE2D363A574D}.Release|x86.Build.0 = Release|Any CPU
		{24D3EC6D-A502-48DD-813E-39ADCEFED92B}.Debug|Any CPU.ActiveCfg = Debug|Any CPU
		{24D3EC6D-A502-48DD-813E-39ADCEFED92B}.Debug|Any CPU.Build.0 = Debug|Any CPU
		{24D3EC6D-A502-48DD-813E-39ADCEFED92B}.Debug|ARM.ActiveCfg = Debug|Any CPU
		{24D3EC6D-A502-48DD-813E-39ADCEFED92B}.Debug|ARM.Build.0 = Debug|Any CPU
		{24D3EC6D-A502-48DD-813E-39ADCEFED92B}.Debug|ARM64.ActiveCfg = Debug|Any CPU
		{24D3EC6D-A502-48DD-813E-39ADCEFED92B}.Debug|ARM64.Build.0 = Debug|Any CPU
		{24D3EC6D-A502-48DD-813E-39ADCEFED92B}.Debug|x64.ActiveCfg = Debug|Any CPU
		{24D3EC6D-A502-48DD-813E-39ADCEFED92B}.Debug|x64.Build.0 = Debug|Any CPU
		{24D3EC6D-A502-48DD-813E-39ADCEFED92B}.Debug|x86.ActiveCfg = Debug|Any CPU
		{24D3EC6D-A502-48DD-813E-39ADCEFED92B}.Debug|x86.Build.0 = Debug|Any CPU
		{24D3EC6D-A502-48DD-813E-39ADCEFED92B}.Release|Any CPU.ActiveCfg = Release|Any CPU
		{24D3EC6D-A502-48DD-813E-39ADCEFED92B}.Release|Any CPU.Build.0 = Release|Any CPU
		{24D3EC6D-A502-48DD-813E-39ADCEFED92B}.Release|ARM.ActiveCfg = Release|Any CPU
		{24D3EC6D-A502-48DD-813E-39ADCEFED92B}.Release|ARM.Build.0 = Release|Any CPU
		{24D3EC6D-A502-48DD-813E-39ADCEFED92B}.Release|ARM64.ActiveCfg = Release|Any CPU
		{24D3EC6D-A502-48DD-813E-39ADCEFED92B}.Release|ARM64.Build.0 = Release|Any CPU
		{24D3EC6D-A502-48DD-813E-39ADCEFED92B}.Release|x64.ActiveCfg = Release|Any CPU
		{24D3EC6D-A502-48DD-813E-39ADCEFED92B}.Release|x64.Build.0 = Release|Any CPU
		{24D3EC6D-A502-48DD-813E-39ADCEFED92B}.Release|x86.ActiveCfg = Release|Any CPU
		{24D3EC6D-A502-48DD-813E-39ADCEFED92B}.Release|x86.Build.0 = Release|Any CPU
		{72B7F87E-5F47-4064-BEC3-AC411C08E308}.Debug|Any CPU.ActiveCfg = Debug|Any CPU
		{72B7F87E-5F47-4064-BEC3-AC411C08E308}.Debug|Any CPU.Build.0 = Debug|Any CPU
		{72B7F87E-5F47-4064-BEC3-AC411C08E308}.Debug|ARM.ActiveCfg = Debug|Any CPU
		{72B7F87E-5F47-4064-BEC3-AC411C08E308}.Debug|ARM.Build.0 = Debug|Any CPU
		{72B7F87E-5F47-4064-BEC3-AC411C08E308}.Debug|ARM64.ActiveCfg = Debug|Any CPU
		{72B7F87E-5F47-4064-BEC3-AC411C08E308}.Debug|ARM64.Build.0 = Debug|Any CPU
		{72B7F87E-5F47-4064-BEC3-AC411C08E308}.Debug|x64.ActiveCfg = Debug|Any CPU
		{72B7F87E-5F47-4064-BEC3-AC411C08E308}.Debug|x64.Build.0 = Debug|Any CPU
		{72B7F87E-5F47-4064-BEC3-AC411C08E308}.Debug|x86.ActiveCfg = Debug|Any CPU
		{72B7F87E-5F47-4064-BEC3-AC411C08E308}.Debug|x86.Build.0 = Debug|Any CPU
		{72B7F87E-5F47-4064-BEC3-AC411C08E308}.Release|Any CPU.ActiveCfg = Release|Any CPU
		{72B7F87E-5F47-4064-BEC3-AC411C08E308}.Release|Any CPU.Build.0 = Release|Any CPU
		{72B7F87E-5F47-4064-BEC3-AC411C08E308}.Release|ARM.ActiveCfg = Release|Any CPU
		{72B7F87E-5F47-4064-BEC3-AC411C08E308}.Release|ARM.Build.0 = Release|Any CPU
		{72B7F87E-5F47-4064-BEC3-AC411C08E308}.Release|ARM64.ActiveCfg = Release|Any CPU
		{72B7F87E-5F47-4064-BEC3-AC411C08E308}.Release|ARM64.Build.0 = Release|Any CPU
		{72B7F87E-5F47-4064-BEC3-AC411C08E308}.Release|x64.ActiveCfg = Release|Any CPU
		{72B7F87E-5F47-4064-BEC3-AC411C08E308}.Release|x64.Build.0 = Release|Any CPU
		{72B7F87E-5F47-4064-BEC3-AC411C08E308}.Release|x86.ActiveCfg = Release|Any CPU
		{72B7F87E-5F47-4064-BEC3-AC411C08E308}.Release|x86.Build.0 = Release|Any CPU
		{5F3F1A20-821B-41E7-A808-93B31A016F8B}.Debug|Any CPU.ActiveCfg = Debug|Any CPU
		{5F3F1A20-821B-41E7-A808-93B31A016F8B}.Debug|Any CPU.Build.0 = Debug|Any CPU
		{5F3F1A20-821B-41E7-A808-93B31A016F8B}.Debug|ARM.ActiveCfg = Debug|Any CPU
		{5F3F1A20-821B-41E7-A808-93B31A016F8B}.Debug|ARM.Build.0 = Debug|Any CPU
		{5F3F1A20-821B-41E7-A808-93B31A016F8B}.Debug|ARM64.ActiveCfg = Debug|Any CPU
		{5F3F1A20-821B-41E7-A808-93B31A016F8B}.Debug|ARM64.Build.0 = Debug|Any CPU
		{5F3F1A20-821B-41E7-A808-93B31A016F8B}.Debug|x64.ActiveCfg = Debug|Any CPU
		{5F3F1A20-821B-41E7-A808-93B31A016F8B}.Debug|x64.Build.0 = Debug|Any CPU
		{5F3F1A20-821B-41E7-A808-93B31A016F8B}.Debug|x86.ActiveCfg = Debug|Any CPU
		{5F3F1A20-821B-41E7-A808-93B31A016F8B}.Debug|x86.Build.0 = Debug|Any CPU
		{5F3F1A20-821B-41E7-A808-93B31A016F8B}.Release|Any CPU.ActiveCfg = Release|Any CPU
		{5F3F1A20-821B-41E7-A808-93B31A016F8B}.Release|Any CPU.Build.0 = Release|Any CPU
		{5F3F1A20-821B-41E7-A808-93B31A016F8B}.Release|ARM.ActiveCfg = Release|Any CPU
		{5F3F1A20-821B-41E7-A808-93B31A016F8B}.Release|ARM.Build.0 = Release|Any CPU
		{5F3F1A20-821B-41E7-A808-93B31A016F8B}.Release|ARM64.ActiveCfg = Release|Any CPU
		{5F3F1A20-821B-41E7-A808-93B31A016F8B}.Release|ARM64.Build.0 = Release|Any CPU
		{5F3F1A20-821B-41E7-A808-93B31A016F8B}.Release|x64.ActiveCfg = Release|Any CPU
		{5F3F1A20-821B-41E7-A808-93B31A016F8B}.Release|x64.Build.0 = Release|Any CPU
		{5F3F1A20-821B-41E7-A808-93B31A016F8B}.Release|x86.ActiveCfg = Release|Any CPU
		{5F3F1A20-821B-41E7-A808-93B31A016F8B}.Release|x86.Build.0 = Release|Any CPU
		{07C0BD24-776E-493C-B7A9-AB85F36F21D6}.Debug|Any CPU.ActiveCfg = Debug|Any CPU
		{07C0BD24-776E-493C-B7A9-AB85F36F21D6}.Debug|Any CPU.Build.0 = Debug|Any CPU
		{07C0BD24-776E-493C-B7A9-AB85F36F21D6}.Debug|ARM.ActiveCfg = Debug|Any CPU
		{07C0BD24-776E-493C-B7A9-AB85F36F21D6}.Debug|ARM.Build.0 = Debug|Any CPU
		{07C0BD24-776E-493C-B7A9-AB85F36F21D6}.Debug|ARM64.ActiveCfg = Debug|Any CPU
		{07C0BD24-776E-493C-B7A9-AB85F36F21D6}.Debug|ARM64.Build.0 = Debug|Any CPU
		{07C0BD24-776E-493C-B7A9-AB85F36F21D6}.Debug|x64.ActiveCfg = Debug|Any CPU
		{07C0BD24-776E-493C-B7A9-AB85F36F21D6}.Debug|x64.Build.0 = Debug|Any CPU
		{07C0BD24-776E-493C-B7A9-AB85F36F21D6}.Debug|x86.ActiveCfg = Debug|Any CPU
		{07C0BD24-776E-493C-B7A9-AB85F36F21D6}.Debug|x86.Build.0 = Debug|Any CPU
		{07C0BD24-776E-493C-B7A9-AB85F36F21D6}.Release|Any CPU.ActiveCfg = Release|Any CPU
		{07C0BD24-776E-493C-B7A9-AB85F36F21D6}.Release|Any CPU.Build.0 = Release|Any CPU
		{07C0BD24-776E-493C-B7A9-AB85F36F21D6}.Release|ARM.ActiveCfg = Release|Any CPU
		{07C0BD24-776E-493C-B7A9-AB85F36F21D6}.Release|ARM.Build.0 = Release|Any CPU
		{07C0BD24-776E-493C-B7A9-AB85F36F21D6}.Release|ARM64.ActiveCfg = Release|Any CPU
		{07C0BD24-776E-493C-B7A9-AB85F36F21D6}.Release|ARM64.Build.0 = Release|Any CPU
		{07C0BD24-776E-493C-B7A9-AB85F36F21D6}.Release|x64.ActiveCfg = Release|Any CPU
		{07C0BD24-776E-493C-B7A9-AB85F36F21D6}.Release|x64.Build.0 = Release|Any CPU
		{07C0BD24-776E-493C-B7A9-AB85F36F21D6}.Release|x86.ActiveCfg = Release|Any CPU
		{07C0BD24-776E-493C-B7A9-AB85F36F21D6}.Release|x86.Build.0 = Release|Any CPU
		{7514A407-146A-44AA-93C9-D823502A93E1}.Debug|Any CPU.ActiveCfg = Debug|Any CPU
		{7514A407-146A-44AA-93C9-D823502A93E1}.Debug|Any CPU.Build.0 = Debug|Any CPU
		{7514A407-146A-44AA-93C9-D823502A93E1}.Debug|ARM.ActiveCfg = Debug|Any CPU
		{7514A407-146A-44AA-93C9-D823502A93E1}.Debug|ARM.Build.0 = Debug|Any CPU
		{7514A407-146A-44AA-93C9-D823502A93E1}.Debug|ARM64.ActiveCfg = Debug|Any CPU
		{7514A407-146A-44AA-93C9-D823502A93E1}.Debug|ARM64.Build.0 = Debug|Any CPU
		{7514A407-146A-44AA-93C9-D823502A93E1}.Debug|x64.ActiveCfg = Debug|Any CPU
		{7514A407-146A-44AA-93C9-D823502A93E1}.Debug|x64.Build.0 = Debug|Any CPU
		{7514A407-146A-44AA-93C9-D823502A93E1}.Debug|x86.ActiveCfg = Debug|Any CPU
		{7514A407-146A-44AA-93C9-D823502A93E1}.Debug|x86.Build.0 = Debug|Any CPU
		{7514A407-146A-44AA-93C9-D823502A93E1}.Release|Any CPU.ActiveCfg = Release|Any CPU
		{7514A407-146A-44AA-93C9-D823502A93E1}.Release|Any CPU.Build.0 = Release|Any CPU
		{7514A407-146A-44AA-93C9-D823502A93E1}.Release|ARM.ActiveCfg = Release|Any CPU
		{7514A407-146A-44AA-93C9-D823502A93E1}.Release|ARM.Build.0 = Release|Any CPU
		{7514A407-146A-44AA-93C9-D823502A93E1}.Release|ARM64.ActiveCfg = Release|Any CPU
		{7514A407-146A-44AA-93C9-D823502A93E1}.Release|ARM64.Build.0 = Release|Any CPU
		{7514A407-146A-44AA-93C9-D823502A93E1}.Release|x64.ActiveCfg = Release|Any CPU
		{7514A407-146A-44AA-93C9-D823502A93E1}.Release|x64.Build.0 = Release|Any CPU
		{7514A407-146A-44AA-93C9-D823502A93E1}.Release|x86.ActiveCfg = Release|Any CPU
		{7514A407-146A-44AA-93C9-D823502A93E1}.Release|x86.Build.0 = Release|Any CPU
		{5BD84BF0-C4C8-4CC4-BF1E-F7751BB510A4}.Debug|Any CPU.ActiveCfg = Debug|Any CPU
		{5BD84BF0-C4C8-4CC4-BF1E-F7751BB510A4}.Debug|Any CPU.Build.0 = Debug|Any CPU
		{5BD84BF0-C4C8-4CC4-BF1E-F7751BB510A4}.Debug|ARM.ActiveCfg = Debug|Any CPU
		{5BD84BF0-C4C8-4CC4-BF1E-F7751BB510A4}.Debug|ARM.Build.0 = Debug|Any CPU
		{5BD84BF0-C4C8-4CC4-BF1E-F7751BB510A4}.Debug|ARM64.ActiveCfg = Debug|Any CPU
		{5BD84BF0-C4C8-4CC4-BF1E-F7751BB510A4}.Debug|ARM64.Build.0 = Debug|Any CPU
		{5BD84BF0-C4C8-4CC4-BF1E-F7751BB510A4}.Debug|x64.ActiveCfg = Debug|Any CPU
		{5BD84BF0-C4C8-4CC4-BF1E-F7751BB510A4}.Debug|x64.Build.0 = Debug|Any CPU
		{5BD84BF0-C4C8-4CC4-BF1E-F7751BB510A4}.Debug|x86.ActiveCfg = Debug|Any CPU
		{5BD84BF0-C4C8-4CC4-BF1E-F7751BB510A4}.Debug|x86.Build.0 = Debug|Any CPU
		{5BD84BF0-C4C8-4CC4-BF1E-F7751BB510A4}.Release|Any CPU.ActiveCfg = Release|Any CPU
		{5BD84BF0-C4C8-4CC4-BF1E-F7751BB510A4}.Release|Any CPU.Build.0 = Release|Any CPU
		{5BD84BF0-C4C8-4CC4-BF1E-F7751BB510A4}.Release|ARM.ActiveCfg = Release|Any CPU
		{5BD84BF0-C4C8-4CC4-BF1E-F7751BB510A4}.Release|ARM.Build.0 = Release|Any CPU
		{5BD84BF0-C4C8-4CC4-BF1E-F7751BB510A4}.Release|ARM64.ActiveCfg = Release|Any CPU
		{5BD84BF0-C4C8-4CC4-BF1E-F7751BB510A4}.Release|ARM64.Build.0 = Release|Any CPU
		{5BD84BF0-C4C8-4CC4-BF1E-F7751BB510A4}.Release|x64.ActiveCfg = Release|Any CPU
		{5BD84BF0-C4C8-4CC4-BF1E-F7751BB510A4}.Release|x64.Build.0 = Release|Any CPU
		{5BD84BF0-C4C8-4CC4-BF1E-F7751BB510A4}.Release|x86.ActiveCfg = Release|Any CPU
		{5BD84BF0-C4C8-4CC4-BF1E-F7751BB510A4}.Release|x86.Build.0 = Release|Any CPU
	EndGlobalSection
	GlobalSection(SolutionProperties) = preSolution
		HideSolutionNode = FALSE
	EndGlobalSection
	GlobalSection(NestedProjects) = preSolution
		{24D3EC6D-A502-48DD-813E-39ADCEFED92B} = {D8CE4686-9330-4C38-83C2-BB10F2F01814}
		{72B7F87E-5F47-4064-BEC3-AC411C08E308} = {D8CE4686-9330-4C38-83C2-BB10F2F01814}
		{5F3F1A20-821B-41E7-A808-93B31A016F8B} = {D8CE4686-9330-4C38-83C2-BB10F2F01814}
		{07C0BD24-776E-493C-B7A9-AB85F36F21D6} = {D8CE4686-9330-4C38-83C2-BB10F2F01814}
		{7514A407-146A-44AA-93C9-D823502A93E1} = {F97335FF-EE9A-4227-82D2-82CB8FFAD356}
		{5BD84BF0-C4C8-4CC4-BF1E-F7751BB510A4} = {D8CE4686-9330-4C38-83C2-BB10F2F01814}
	EndGlobalSection
	GlobalSection(ExtensibilityGlobals) = postSolution
		SolutionGuid = {8D1D8DA7-CD11-414F-B03D-0A124AAFDCE8}
	EndGlobalSection
EndGlobal
