
Microsoft Visual Studio Solution File, Format Version 12.00
# Visual Studio Version 16
VisualStudioVersion = 16.0.29806.167
MinimumVisualStudioVersion = 10.0.40219.1
Project("{9A19103F-16F7-4668-BE54-9A1E7A4F7556}") = "FluidSharp.Samples.All", "FluidSharp.Samples.All\FluidSharp.Samples.All.csproj", "{AD8F4C80-F11F-4DA3-B634-E2D55D884282}"
EndProject
Project("{9A19103F-16F7-4668-BE54-9A1E7A4F7556}") = "FluidSharp.Samples.Screenshots", "FluidSharp.Samples.Screenshots\FluidSharp.Samples.Screenshots.csproj", "{62953927-7E86-44D5-AD8C-7C0FC55DCED5}"
EndProject
Project("{2150E333-8FDC-42A3-9474-1A3956D46DE8}") = "samples", "samples", "{82DF5C27-27AB-4874-A9B2-A6DD69509860}"
EndProject
Project("{9A19103F-16F7-4668-BE54-9A1E7A4F7556}") = "FluidSharp.Samples.WindowsFormsCore", "FluidSharp.Samples.WindowsFormsCore\FluidSharp.Samples.WindowsFormsCore.csproj", "{8D4DAA48-EDA1-4C62-B412-7CDAE632F764}"
EndProject
Project("{FAE04EC0-301F-11D3-BF4B-00C04F79EFBC}") = "FluidSharp.Samples.iOS", "FluidSharp.Samples.iOS\FluidSharp.Samples.iOS.csproj", "{A2BF9E54-3E2A-4F01-80B9-8D3E6B40E613}"
EndProject
Global
	GlobalSection(SolutionConfigurationPlatforms) = preSolution
		Debug|Any CPU = Debug|Any CPU
		Debug|iPhone = Debug|iPhone
		Debug|iPhoneSimulator = Debug|iPhoneSimulator
		Debug|x64 = Debug|x64
		Release|Any CPU = Release|Any CPU
		Release|iPhone = Release|iPhone
		Release|iPhoneSimulator = Release|iPhoneSimulator
		Release|x64 = Release|x64
		StoreAmazon|Any CPU = StoreAmazon|Any CPU
		StoreAmazon|iPhone = StoreAmazon|iPhone
		StoreAmazon|iPhoneSimulator = StoreAmazon|iPhoneSimulator
		StoreAmazon|x64 = StoreAmazon|x64
		StoreAmazonDebug|Any CPU = StoreAmazonDebug|Any CPU
		StoreAmazonDebug|iPhone = StoreAmazonDebug|iPhone
		StoreAmazonDebug|iPhoneSimulator = StoreAmazonDebug|iPhoneSimulator
		StoreAmazonDebug|x64 = StoreAmazonDebug|x64
		Stress|Any CPU = Stress|Any CPU
		Stress|iPhone = Stress|iPhone
		Stress|iPhoneSimulator = Stress|iPhoneSimulator
		Stress|x64 = Stress|x64
		WinStore|Any CPU = WinStore|Any CPU
		WinStore|iPhone = WinStore|iPhone
		WinStore|iPhoneSimulator = WinStore|iPhoneSimulator
		WinStore|x64 = WinStore|x64
	EndGlobalSection
	GlobalSection(ProjectConfigurationPlatforms) = postSolution
		{AD8F4C80-F11F-4DA3-B634-E2D55D884282}.Debug|Any CPU.ActiveCfg = Debug|Any CPU
		{AD8F4C80-F11F-4DA3-B634-E2D55D884282}.Debug|Any CPU.Build.0 = Debug|Any CPU
		{AD8F4C80-F11F-4DA3-B634-E2D55D884282}.Debug|iPhone.ActiveCfg = Debug|Any CPU
		{AD8F4C80-F11F-4DA3-B634-E2D55D884282}.Debug|iPhone.Build.0 = Debug|Any CPU
		{AD8F4C80-F11F-4DA3-B634-E2D55D884282}.Debug|iPhoneSimulator.ActiveCfg = Debug|Any CPU
		{AD8F4C80-F11F-4DA3-B634-E2D55D884282}.Debug|iPhoneSimulator.Build.0 = Debug|Any CPU
		{AD8F4C80-F11F-4DA3-B634-E2D55D884282}.Debug|x64.ActiveCfg = Debug|Any CPU
		{AD8F4C80-F11F-4DA3-B634-E2D55D884282}.Debug|x64.Build.0 = Debug|Any CPU
		{AD8F4C80-F11F-4DA3-B634-E2D55D884282}.Release|Any CPU.ActiveCfg = Release|Any CPU
		{AD8F4C80-F11F-4DA3-B634-E2D55D884282}.Release|Any CPU.Build.0 = Release|Any CPU
		{AD8F4C80-F11F-4DA3-B634-E2D55D884282}.Release|iPhone.ActiveCfg = Release|Any CPU
		{AD8F4C80-F11F-4DA3-B634-E2D55D884282}.Release|iPhone.Build.0 = Release|Any CPU
		{AD8F4C80-F11F-4DA3-B634-E2D55D884282}.Release|iPhoneSimulator.ActiveCfg = Release|Any CPU
		{AD8F4C80-F11F-4DA3-B634-E2D55D884282}.Release|iPhoneSimulator.Build.0 = Release|Any CPU
		{AD8F4C80-F11F-4DA3-B634-E2D55D884282}.Release|x64.ActiveCfg = Release|Any CPU
		{AD8F4C80-F11F-4DA3-B634-E2D55D884282}.Release|x64.Build.0 = Release|Any CPU
		{AD8F4C80-F11F-4DA3-B634-E2D55D884282}.StoreAmazon|Any CPU.ActiveCfg = Debug|Any CPU
		{AD8F4C80-F11F-4DA3-B634-E2D55D884282}.StoreAmazon|Any CPU.Build.0 = Debug|Any CPU
		{AD8F4C80-F11F-4DA3-B634-E2D55D884282}.StoreAmazon|iPhone.ActiveCfg = Debug|Any CPU
		{AD8F4C80-F11F-4DA3-B634-E2D55D884282}.StoreAmazon|iPhone.Build.0 = Debug|Any CPU
		{AD8F4C80-F11F-4DA3-B634-E2D55D884282}.StoreAmazon|iPhoneSimulator.ActiveCfg = Debug|Any CPU
		{AD8F4C80-F11F-4DA3-B634-E2D55D884282}.StoreAmazon|iPhoneSimulator.Build.0 = Debug|Any CPU
		{AD8F4C80-F11F-4DA3-B634-E2D55D884282}.StoreAmazon|x64.ActiveCfg = Debug|Any CPU
		{AD8F4C80-F11F-4DA3-B634-E2D55D884282}.StoreAmazon|x64.Build.0 = Debug|Any CPU
		{AD8F4C80-F11F-4DA3-B634-E2D55D884282}.StoreAmazonDebug|Any CPU.ActiveCfg = Debug|Any CPU
		{AD8F4C80-F11F-4DA3-B634-E2D55D884282}.StoreAmazonDebug|Any CPU.Build.0 = Debug|Any CPU
		{AD8F4C80-F11F-4DA3-B634-E2D55D884282}.StoreAmazonDebug|iPhone.ActiveCfg = Debug|Any CPU
		{AD8F4C80-F11F-4DA3-B634-E2D55D884282}.StoreAmazonDebug|iPhone.Build.0 = Debug|Any CPU
		{AD8F4C80-F11F-4DA3-B634-E2D55D884282}.StoreAmazonDebug|iPhoneSimulator.ActiveCfg = Debug|Any CPU
		{AD8F4C80-F11F-4DA3-B634-E2D55D884282}.StoreAmazonDebug|iPhoneSimulator.Build.0 = Debug|Any CPU
		{AD8F4C80-F11F-4DA3-B634-E2D55D884282}.StoreAmazonDebug|x64.ActiveCfg = Debug|Any CPU
		{AD8F4C80-F11F-4DA3-B634-E2D55D884282}.StoreAmazonDebug|x64.Build.0 = Debug|Any CPU
		{AD8F4C80-F11F-4DA3-B634-E2D55D884282}.Stress|Any CPU.ActiveCfg = Debug|Any CPU
		{AD8F4C80-F11F-4DA3-B634-E2D55D884282}.Stress|Any CPU.Build.0 = Debug|Any CPU
		{AD8F4C80-F11F-4DA3-B634-E2D55D884282}.Stress|iPhone.ActiveCfg = Debug|Any CPU
		{AD8F4C80-F11F-4DA3-B634-E2D55D884282}.Stress|iPhone.Build.0 = Debug|Any CPU
		{AD8F4C80-F11F-4DA3-B634-E2D55D884282}.Stress|iPhoneSimulator.ActiveCfg = Debug|Any CPU
		{AD8F4C80-F11F-4DA3-B634-E2D55D884282}.Stress|iPhoneSimulator.Build.0 = Debug|Any CPU
		{AD8F4C80-F11F-4DA3-B634-E2D55D884282}.Stress|x64.ActiveCfg = Debug|Any CPU
		{AD8F4C80-F11F-4DA3-B634-E2D55D884282}.Stress|x64.Build.0 = Debug|Any CPU
		{AD8F4C80-F11F-4DA3-B634-E2D55D884282}.WinStore|Any CPU.ActiveCfg = Debug|Any CPU
		{AD8F4C80-F11F-4DA3-B634-E2D55D884282}.WinStore|Any CPU.Build.0 = Debug|Any CPU
		{AD8F4C80-F11F-4DA3-B634-E2D55D884282}.WinStore|iPhone.ActiveCfg = Debug|Any CPU
		{AD8F4C80-F11F-4DA3-B634-E2D55D884282}.WinStore|iPhone.Build.0 = Debug|Any CPU
		{AD8F4C80-F11F-4DA3-B634-E2D55D884282}.WinStore|iPhoneSimulator.ActiveCfg = Debug|Any CPU
		{AD8F4C80-F11F-4DA3-B634-E2D55D884282}.WinStore|iPhoneSimulator.Build.0 = Debug|Any CPU
		{AD8F4C80-F11F-4DA3-B634-E2D55D884282}.WinStore|x64.ActiveCfg = Debug|Any CPU
		{AD8F4C80-F11F-4DA3-B634-E2D55D884282}.WinStore|x64.Build.0 = Debug|Any CPU
		{62953927-7E86-44D5-AD8C-7C0FC55DCED5}.Debug|Any CPU.ActiveCfg = Debug|Any CPU
		{62953927-7E86-44D5-AD8C-7C0FC55DCED5}.Debug|Any CPU.Build.0 = Debug|Any CPU
		{62953927-7E86-44D5-AD8C-7C0FC55DCED5}.Debug|iPhone.ActiveCfg = Debug|Any CPU
		{62953927-7E86-44D5-AD8C-7C0FC55DCED5}.Debug|iPhone.Build.0 = Debug|Any CPU
		{62953927-7E86-44D5-AD8C-7C0FC55DCED5}.Debug|iPhoneSimulator.ActiveCfg = Debug|Any CPU
		{62953927-7E86-44D5-AD8C-7C0FC55DCED5}.Debug|iPhoneSimulator.Build.0 = Debug|Any CPU
		{62953927-7E86-44D5-AD8C-7C0FC55DCED5}.Debug|x64.ActiveCfg = Debug|Any CPU
		{62953927-7E86-44D5-AD8C-7C0FC55DCED5}.Debug|x64.Build.0 = Debug|Any CPU
		{62953927-7E86-44D5-AD8C-7C0FC55DCED5}.Release|Any CPU.ActiveCfg = Release|Any CPU
		{62953927-7E86-44D5-AD8C-7C0FC55DCED5}.Release|Any CPU.Build.0 = Release|Any CPU
		{62953927-7E86-44D5-AD8C-7C0FC55DCED5}.Release|iPhone.ActiveCfg = Release|Any CPU
		{62953927-7E86-44D5-AD8C-7C0FC55DCED5}.Release|iPhone.Build.0 = Release|Any CPU
		{62953927-7E86-44D5-AD8C-7C0FC55DCED5}.Release|iPhoneSimulator.ActiveCfg = Release|Any CPU
		{62953927-7E86-44D5-AD8C-7C0FC55DCED5}.Release|iPhoneSimulator.Build.0 = Release|Any CPU
		{62953927-7E86-44D5-AD8C-7C0FC55DCED5}.Release|x64.ActiveCfg = Release|Any CPU
		{62953927-7E86-44D5-AD8C-7C0FC55DCED5}.Release|x64.Build.0 = Release|Any CPU
		{62953927-7E86-44D5-AD8C-7C0FC55DCED5}.StoreAmazon|Any CPU.ActiveCfg = Debug|Any CPU
		{62953927-7E86-44D5-AD8C-7C0FC55DCED5}.StoreAmazon|Any CPU.Build.0 = Debug|Any CPU
		{62953927-7E86-44D5-AD8C-7C0FC55DCED5}.StoreAmazon|iPhone.ActiveCfg = Debug|Any CPU
		{62953927-7E86-44D5-AD8C-7C0FC55DCED5}.StoreAmazon|iPhone.Build.0 = Debug|Any CPU
		{62953927-7E86-44D5-AD8C-7C0FC55DCED5}.StoreAmazon|iPhoneSimulator.ActiveCfg = Debug|Any CPU
		{62953927-7E86-44D5-AD8C-7C0FC55DCED5}.StoreAmazon|iPhoneSimulator.Build.0 = Debug|Any CPU
		{62953927-7E86-44D5-AD8C-7C0FC55DCED5}.StoreAmazon|x64.ActiveCfg = Debug|Any CPU
		{62953927-7E86-44D5-AD8C-7C0FC55DCED5}.StoreAmazon|x64.Build.0 = Debug|Any CPU
		{62953927-7E86-44D5-AD8C-7C0FC55DCED5}.StoreAmazonDebug|Any CPU.ActiveCfg = Debug|Any CPU
		{62953927-7E86-44D5-AD8C-7C0FC55DCED5}.StoreAmazonDebug|Any CPU.Build.0 = Debug|Any CPU
		{62953927-7E86-44D5-AD8C-7C0FC55DCED5}.StoreAmazonDebug|iPhone.ActiveCfg = Debug|Any CPU
		{62953927-7E86-44D5-AD8C-7C0FC55DCED5}.StoreAmazonDebug|iPhone.Build.0 = Debug|Any CPU
		{62953927-7E86-44D5-AD8C-7C0FC55DCED5}.StoreAmazonDebug|iPhoneSimulator.ActiveCfg = Debug|Any CPU
		{62953927-7E86-44D5-AD8C-7C0FC55DCED5}.StoreAmazonDebug|iPhoneSimulator.Build.0 = Debug|Any CPU
		{62953927-7E86-44D5-AD8C-7C0FC55DCED5}.StoreAmazonDebug|x64.ActiveCfg = Debug|Any CPU
		{62953927-7E86-44D5-AD8C-7C0FC55DCED5}.StoreAmazonDebug|x64.Build.0 = Debug|Any CPU
		{62953927-7E86-44D5-AD8C-7C0FC55DCED5}.Stress|Any CPU.ActiveCfg = Debug|Any CPU
		{62953927-7E86-44D5-AD8C-7C0FC55DCED5}.Stress|Any CPU.Build.0 = Debug|Any CPU
		{62953927-7E86-44D5-AD8C-7C0FC55DCED5}.Stress|iPhone.ActiveCfg = Debug|Any CPU
		{62953927-7E86-44D5-AD8C-7C0FC55DCED5}.Stress|iPhone.Build.0 = Debug|Any CPU
		{62953927-7E86-44D5-AD8C-7C0FC55DCED5}.Stress|iPhoneSimulator.ActiveCfg = Debug|Any CPU
		{62953927-7E86-44D5-AD8C-7C0FC55DCED5}.Stress|iPhoneSimulator.Build.0 = Debug|Any CPU
		{62953927-7E86-44D5-AD8C-7C0FC55DCED5}.Stress|x64.ActiveCfg = Debug|Any CPU
		{62953927-7E86-44D5-AD8C-7C0FC55DCED5}.Stress|x64.Build.0 = Debug|Any CPU
		{62953927-7E86-44D5-AD8C-7C0FC55DCED5}.WinStore|Any CPU.ActiveCfg = Debug|Any CPU
		{62953927-7E86-44D5-AD8C-7C0FC55DCED5}.WinStore|Any CPU.Build.0 = Debug|Any CPU
		{62953927-7E86-44D5-AD8C-7C0FC55DCED5}.WinStore|iPhone.ActiveCfg = Debug|Any CPU
		{62953927-7E86-44D5-AD8C-7C0FC55DCED5}.WinStore|iPhone.Build.0 = Debug|Any CPU
		{62953927-7E86-44D5-AD8C-7C0FC55DCED5}.WinStore|iPhoneSimulator.ActiveCfg = Debug|Any CPU
		{62953927-7E86-44D5-AD8C-7C0FC55DCED5}.WinStore|iPhoneSimulator.Build.0 = Debug|Any CPU
		{62953927-7E86-44D5-AD8C-7C0FC55DCED5}.WinStore|x64.ActiveCfg = Debug|Any CPU
		{62953927-7E86-44D5-AD8C-7C0FC55DCED5}.WinStore|x64.Build.0 = Debug|Any CPU
		{8D4DAA48-EDA1-4C62-B412-7CDAE632F764}.Debug|Any CPU.ActiveCfg = Debug|Any CPU
		{8D4DAA48-EDA1-4C62-B412-7CDAE632F764}.Debug|Any CPU.Build.0 = Debug|Any CPU
		{8D4DAA48-EDA1-4C62-B412-7CDAE632F764}.Debug|iPhone.ActiveCfg = Debug|Any CPU
		{8D4DAA48-EDA1-4C62-B412-7CDAE632F764}.Debug|iPhone.Build.0 = Debug|Any CPU
		{8D4DAA48-EDA1-4C62-B412-7CDAE632F764}.Debug|iPhoneSimulator.ActiveCfg = Debug|Any CPU
		{8D4DAA48-EDA1-4C62-B412-7CDAE632F764}.Debug|iPhoneSimulator.Build.0 = Debug|Any CPU
		{8D4DAA48-EDA1-4C62-B412-7CDAE632F764}.Debug|x64.ActiveCfg = Debug|Any CPU
		{8D4DAA48-EDA1-4C62-B412-7CDAE632F764}.Debug|x64.Build.0 = Debug|Any CPU
		{8D4DAA48-EDA1-4C62-B412-7CDAE632F764}.Release|Any CPU.ActiveCfg = Release|Any CPU
		{8D4DAA48-EDA1-4C62-B412-7CDAE632F764}.Release|Any CPU.Build.0 = Release|Any CPU
		{8D4DAA48-EDA1-4C62-B412-7CDAE632F764}.Release|iPhone.ActiveCfg = Release|Any CPU
		{8D4DAA48-EDA1-4C62-B412-7CDAE632F764}.Release|iPhone.Build.0 = Release|Any CPU
		{8D4DAA48-EDA1-4C62-B412-7CDAE632F764}.Release|iPhoneSimulator.ActiveCfg = Release|Any CPU
		{8D4DAA48-EDA1-4C62-B412-7CDAE632F764}.Release|iPhoneSimulator.Build.0 = Release|Any CPU
		{8D4DAA48-EDA1-4C62-B412-7CDAE632F764}.Release|x64.ActiveCfg = Release|Any CPU
		{8D4DAA48-EDA1-4C62-B412-7CDAE632F764}.Release|x64.Build.0 = Release|Any CPU
		{8D4DAA48-EDA1-4C62-B412-7CDAE632F764}.StoreAmazon|Any CPU.ActiveCfg = Debug|Any CPU
		{8D4DAA48-EDA1-4C62-B412-7CDAE632F764}.StoreAmazon|Any CPU.Build.0 = Debug|Any CPU
		{8D4DAA48-EDA1-4C62-B412-7CDAE632F764}.StoreAmazon|iPhone.ActiveCfg = Debug|Any CPU
		{8D4DAA48-EDA1-4C62-B412-7CDAE632F764}.StoreAmazon|iPhone.Build.0 = Debug|Any CPU
		{8D4DAA48-EDA1-4C62-B412-7CDAE632F764}.StoreAmazon|iPhoneSimulator.ActiveCfg = Debug|Any CPU
		{8D4DAA48-EDA1-4C62-B412-7CDAE632F764}.StoreAmazon|iPhoneSimulator.Build.0 = Debug|Any CPU
		{8D4DAA48-EDA1-4C62-B412-7CDAE632F764}.StoreAmazon|x64.ActiveCfg = Debug|Any CPU
		{8D4DAA48-EDA1-4C62-B412-7CDAE632F764}.StoreAmazon|x64.Build.0 = Debug|Any CPU
		{8D4DAA48-EDA1-4C62-B412-7CDAE632F764}.StoreAmazonDebug|Any CPU.ActiveCfg = Debug|Any CPU
		{8D4DAA48-EDA1-4C62-B412-7CDAE632F764}.StoreAmazonDebug|Any CPU.Build.0 = Debug|Any CPU
		{8D4DAA48-EDA1-4C62-B412-7CDAE632F764}.StoreAmazonDebug|iPhone.ActiveCfg = Debug|Any CPU
		{8D4DAA48-EDA1-4C62-B412-7CDAE632F764}.StoreAmazonDebug|iPhone.Build.0 = Debug|Any CPU
		{8D4DAA48-EDA1-4C62-B412-7CDAE632F764}.StoreAmazonDebug|iPhoneSimulator.ActiveCfg = Debug|Any CPU
		{8D4DAA48-EDA1-4C62-B412-7CDAE632F764}.StoreAmazonDebug|iPhoneSimulator.Build.0 = Debug|Any CPU
		{8D4DAA48-EDA1-4C62-B412-7CDAE632F764}.StoreAmazonDebug|x64.ActiveCfg = Debug|Any CPU
		{8D4DAA48-EDA1-4C62-B412-7CDAE632F764}.StoreAmazonDebug|x64.Build.0 = Debug|Any CPU
		{8D4DAA48-EDA1-4C62-B412-7CDAE632F764}.Stress|Any CPU.ActiveCfg = Debug|Any CPU
		{8D4DAA48-EDA1-4C62-B412-7CDAE632F764}.Stress|Any CPU.Build.0 = Debug|Any CPU
		{8D4DAA48-EDA1-4C62-B412-7CDAE632F764}.Stress|iPhone.ActiveCfg = Debug|Any CPU
		{8D4DAA48-EDA1-4C62-B412-7CDAE632F764}.Stress|iPhone.Build.0 = Debug|Any CPU
		{8D4DAA48-EDA1-4C62-B412-7CDAE632F764}.Stress|iPhoneSimulator.ActiveCfg = Debug|Any CPU
		{8D4DAA48-EDA1-4C62-B412-7CDAE632F764}.Stress|iPhoneSimulator.Build.0 = Debug|Any CPU
		{8D4DAA48-EDA1-4C62-B412-7CDAE632F764}.Stress|x64.ActiveCfg = Debug|Any CPU
		{8D4DAA48-EDA1-4C62-B412-7CDAE632F764}.Stress|x64.Build.0 = Debug|Any CPU
		{8D4DAA48-EDA1-4C62-B412-7CDAE632F764}.WinStore|Any CPU.ActiveCfg = Debug|Any CPU
		{8D4DAA48-EDA1-4C62-B412-7CDAE632F764}.WinStore|Any CPU.Build.0 = Debug|Any CPU
		{8D4DAA48-EDA1-4C62-B412-7CDAE632F764}.WinStore|iPhone.ActiveCfg = Debug|Any CPU
		{8D4DAA48-EDA1-4C62-B412-7CDAE632F764}.WinStore|iPhone.Build.0 = Debug|Any CPU
		{8D4DAA48-EDA1-4C62-B412-7CDAE632F764}.WinStore|iPhoneSimulator.ActiveCfg = Debug|Any CPU
		{8D4DAA48-EDA1-4C62-B412-7CDAE632F764}.WinStore|iPhoneSimulator.Build.0 = Debug|Any CPU
		{8D4DAA48-EDA1-4C62-B412-7CDAE632F764}.WinStore|x64.ActiveCfg = Debug|Any CPU
		{8D4DAA48-EDA1-4C62-B412-7CDAE632F764}.WinStore|x64.Build.0 = Debug|Any CPU
		{A2BF9E54-3E2A-4F01-80B9-8D3E6B40E613}.Debug|Any CPU.ActiveCfg = Debug|iPhoneSimulator
		{A2BF9E54-3E2A-4F01-80B9-8D3E6B40E613}.Debug|iPhone.ActiveCfg = Debug|iPhone
		{A2BF9E54-3E2A-4F01-80B9-8D3E6B40E613}.Debug|iPhone.Build.0 = Debug|iPhone
		{A2BF9E54-3E2A-4F01-80B9-8D3E6B40E613}.Debug|iPhoneSimulator.ActiveCfg = Debug|iPhoneSimulator
		{A2BF9E54-3E2A-4F01-80B9-8D3E6B40E613}.Debug|iPhoneSimulator.Build.0 = Debug|iPhoneSimulator
		{A2BF9E54-3E2A-4F01-80B9-8D3E6B40E613}.Debug|x64.ActiveCfg = Debug|iPhoneSimulator
		{A2BF9E54-3E2A-4F01-80B9-8D3E6B40E613}.Release|Any CPU.ActiveCfg = Release|iPhoneSimulator
		{A2BF9E54-3E2A-4F01-80B9-8D3E6B40E613}.Release|iPhone.ActiveCfg = Release|iPhone
		{A2BF9E54-3E2A-4F01-80B9-8D3E6B40E613}.Release|iPhone.Build.0 = Release|iPhone
		{A2BF9E54-3E2A-4F01-80B9-8D3E6B40E613}.Release|iPhoneSimulator.ActiveCfg = Release|iPhoneSimulator
		{A2BF9E54-3E2A-4F01-80B9-8D3E6B40E613}.Release|iPhoneSimulator.Build.0 = Release|iPhoneSimulator
		{A2BF9E54-3E2A-4F01-80B9-8D3E6B40E613}.Release|x64.ActiveCfg = Release|iPhoneSimulator
		{A2BF9E54-3E2A-4F01-80B9-8D3E6B40E613}.StoreAmazon|Any CPU.ActiveCfg = Debug|iPhoneSimulator
		{A2BF9E54-3E2A-4F01-80B9-8D3E6B40E613}.StoreAmazon|Any CPU.Build.0 = Debug|iPhoneSimulator
		{A2BF9E54-3E2A-4F01-80B9-8D3E6B40E613}.StoreAmazon|iPhone.ActiveCfg = Debug|iPhone
		{A2BF9E54-3E2A-4F01-80B9-8D3E6B40E613}.StoreAmazon|iPhone.Build.0 = Debug|iPhone
		{A2BF9E54-3E2A-4F01-80B9-8D3E6B40E613}.StoreAmazon|iPhoneSimulator.ActiveCfg = Debug|iPhoneSimulator
		{A2BF9E54-3E2A-4F01-80B9-8D3E6B40E613}.StoreAmazon|iPhoneSimulator.Build.0 = Debug|iPhoneSimulator
		{A2BF9E54-3E2A-4F01-80B9-8D3E6B40E613}.StoreAmazon|x64.ActiveCfg = Debug|iPhoneSimulator
		{A2BF9E54-3E2A-4F01-80B9-8D3E6B40E613}.StoreAmazon|x64.Build.0 = Debug|iPhoneSimulator
		{A2BF9E54-3E2A-4F01-80B9-8D3E6B40E613}.StoreAmazonDebug|Any CPU.ActiveCfg = Debug|iPhoneSimulator
		{A2BF9E54-3E2A-4F01-80B9-8D3E6B40E613}.StoreAmazonDebug|Any CPU.Build.0 = Debug|iPhoneSimulator
		{A2BF9E54-3E2A-4F01-80B9-8D3E6B40E613}.StoreAmazonDebug|iPhone.ActiveCfg = Debug|iPhone
		{A2BF9E54-3E2A-4F01-80B9-8D3E6B40E613}.StoreAmazonDebug|iPhone.Build.0 = Debug|iPhone
		{A2BF9E54-3E2A-4F01-80B9-8D3E6B40E613}.StoreAmazonDebug|iPhoneSimulator.ActiveCfg = Debug|iPhoneSimulator
		{A2BF9E54-3E2A-4F01-80B9-8D3E6B40E613}.StoreAmazonDebug|iPhoneSimulator.Build.0 = Debug|iPhoneSimulator
		{A2BF9E54-3E2A-4F01-80B9-8D3E6B40E613}.StoreAmazonDebug|x64.ActiveCfg = Debug|iPhoneSimulator
		{A2BF9E54-3E2A-4F01-80B9-8D3E6B40E613}.StoreAmazonDebug|x64.Build.0 = Debug|iPhoneSimulator
		{A2BF9E54-3E2A-4F01-80B9-8D3E6B40E613}.Stress|Any CPU.ActiveCfg = Debug|iPhoneSimulator
		{A2BF9E54-3E2A-4F01-80B9-8D3E6B40E613}.Stress|Any CPU.Build.0 = Debug|iPhoneSimulator
		{A2BF9E54-3E2A-4F01-80B9-8D3E6B40E613}.Stress|iPhone.ActiveCfg = Debug|iPhone
		{A2BF9E54-3E2A-4F01-80B9-8D3E6B40E613}.Stress|iPhone.Build.0 = Debug|iPhone
		{A2BF9E54-3E2A-4F01-80B9-8D3E6B40E613}.Stress|iPhoneSimulator.ActiveCfg = Debug|iPhoneSimulator
		{A2BF9E54-3E2A-4F01-80B9-8D3E6B40E613}.Stress|iPhoneSimulator.Build.0 = Debug|iPhoneSimulator
		{A2BF9E54-3E2A-4F01-80B9-8D3E6B40E613}.Stress|x64.ActiveCfg = Debug|iPhoneSimulator
		{A2BF9E54-3E2A-4F01-80B9-8D3E6B40E613}.Stress|x64.Build.0 = Debug|iPhoneSimulator
		{A2BF9E54-3E2A-4F01-80B9-8D3E6B40E613}.WinStore|Any CPU.ActiveCfg = Debug|iPhoneSimulator
		{A2BF9E54-3E2A-4F01-80B9-8D3E6B40E613}.WinStore|Any CPU.Build.0 = Debug|iPhoneSimulator
		{A2BF9E54-3E2A-4F01-80B9-8D3E6B40E613}.WinStore|iPhone.ActiveCfg = Debug|iPhone
		{A2BF9E54-3E2A-4F01-80B9-8D3E6B40E613}.WinStore|iPhone.Build.0 = Debug|iPhone
		{A2BF9E54-3E2A-4F01-80B9-8D3E6B40E613}.WinStore|iPhoneSimulator.ActiveCfg = Debug|iPhoneSimulator
		{A2BF9E54-3E2A-4F01-80B9-8D3E6B40E613}.WinStore|iPhoneSimulator.Build.0 = Debug|iPhoneSimulator
		{A2BF9E54-3E2A-4F01-80B9-8D3E6B40E613}.WinStore|x64.ActiveCfg = Debug|iPhoneSimulator
		{A2BF9E54-3E2A-4F01-80B9-8D3E6B40E613}.WinStore|x64.Build.0 = Debug|iPhoneSimulator
	EndGlobalSection
	GlobalSection(SolutionProperties) = preSolution
		HideSolutionNode = FALSE
	EndGlobalSection
	GlobalSection(NestedProjects) = preSolution
		{AD8F4C80-F11F-4DA3-B634-E2D55D884282} = {82DF5C27-27AB-4874-A9B2-A6DD69509860}
		{62953927-7E86-44D5-AD8C-7C0FC55DCED5} = {82DF5C27-27AB-4874-A9B2-A6DD69509860}
		{8D4DAA48-EDA1-4C62-B412-7CDAE632F764} = {82DF5C27-27AB-4874-A9B2-A6DD69509860}
		{A2BF9E54-3E2A-4F01-80B9-8D3E6B40E613} = {82DF5C27-27AB-4874-A9B2-A6DD69509860}
	EndGlobalSection
	GlobalSection(ExtensibilityGlobals) = postSolution
		SolutionGuid = {BCFC7529-9EFE-4BAF-9FE5-553D9EBCAD1A}
	EndGlobalSection
EndGlobal
